
Microsoft Visual Studio Solution File, Format Version 12.00
# Visual Studio Version 17
VisualStudioVersion = 17.5.33103.201
MinimumVisualStudioVersion = 10.0.40219.1
Project("{FAE04EC0-301F-11D3-BF4B-00C04F79EFBC}") = "SkiaSharpDemo", "SkiaSharpDemo\SkiaSharpDemo.csproj", "{3C492CEE-D174-4D97-9487-ED33C17794D7}"
EndProject
Global
	GlobalSection(SolutionConfigurationPlatforms) = preSolution
		Debug|Any CPU = Debug|Any CPU
		Release|Any CPU = Release|Any CPU
	EndGlobalSection
	GlobalSection(ProjectConfigurationPlatforms) = postSolution
		{3C492CEE-D174-4D97-9487-ED33C17794D7}.Debug|Any CPU.ActiveCfg = Debug|Any CPU
		{3C492CEE-D174-4D97-9487-ED33C17794D7}.Debug|Any CPU.Build.0 = Debug|Any CPU
		{3C492CEE-D174-4D97-9487-ED33C17794D7}.Release|Any CPU.ActiveCfg = Release|Any CPU
		{3C492CEE-D174-4D97-9487-ED33C17794D7}.Release|Any CPU.Build.0 = Release|Any CPU
	EndGlobalSection
	GlobalSection(SolutionProperties) = preSolution
		HideSolutionNode = FALSE
	EndGlobalSection
	GlobalSection(ExtensibilityGlobals) = postSolution
		SolutionGuid = {DAFA4E4D-99E0-4A26-8CE0-0F15A26D6F85}
	EndGlobalSection
EndGlobal
