Microsoft Visual Studio Solution File, Format Version 12.00
# Visual Studio Version 17
VisualStudioVersion = 17.0.31611.283
MinimumVisualStudioVersion = 10.0.40219.1
Project("{9A19103F-16F7-4668-BE54-9A1E7A4F7556}") = "BlazorHybridApp", "BlazorHybridApp\BlazorHybridApp.csproj", "{DE1C3999-79E7-4D3D-8F0B-31DCEE037208}"
EndProject
Project("{FAE04EC0-301F-11D3-BF4B-00C04F79EFBC}") = "NETMauiApp", "NETMauiApp\NETMauiApp.csproj", "{B3E53859-11FA-45A5-9792-730DBEA71127}"
EndProject
Global
	GlobalSection(SolutionConfigurationPlatforms) = preSolution
		Debug|Any CPU = Debug|Any CPU
		Release|Any CPU = Release|Any CPU
	EndGlobalSection
	GlobalSection(ProjectConfigurationPlatforms) = postSolution
		{DE1C3999-79E7-4D3D-8F0B-31DCEE037208}.Debug|Any CPU.ActiveCfg = Debug|Any CPU
		{DE1C3999-79E7-4D3D-8F0B-31DCEE037208}.Debug|Any CPU.Build.0 = Debug|Any CPU
		{DE1C3999-79E7-4D3D-8F0B-31DCEE037208}.Debug|Any CPU.Deploy.0 = Debug|Any CPU
		{DE1C3999-79E7-4D3D-8F0B-31DCEE037208}.Release|Any CPU.ActiveCfg = Release|Any CPU
		{DE1C3999-79E7-4D3D-8F0B-31DCEE037208}.Release|Any CPU.Build.0 = Release|Any CPU
		{DE1C3999-79E7-4D3D-8F0B-31DCEE037208}.Release|Any CPU.Deploy.0 = Release|Any CPU
		{B3E53859-11FA-45A5-9792-730DBEA71127}.Debug|Any CPU.ActiveCfg = Debug|Any CPU
		{B3E53859-11FA-45A5-9792-730DBEA71127}.Debug|Any CPU.Build.0 = Debug|Any CPU
		{B3E53859-11FA-45A5-9792-730DBEA71127}.Debug|Any CPU.Deploy.0 = Debug|Any CPU
		{B3E53859-11FA-45A5-9792-730DBEA71127}.Release|Any CPU.ActiveCfg = Release|Any CPU
		{B3E53859-11FA-45A5-9792-730DBEA71127}.Release|Any CPU.Build.0 = Release|Any CPU
		{B3E53859-11FA-45A5-9792-730DBEA71127}.Release|Any CPU.Deploy.0 = Release|Any CPU
	EndGlobalSection
	GlobalSection(SolutionProperties) = preSolution
		HideSolutionNode = FALSE
	EndGlobalSection
	GlobalSection(ExtensibilityGlobals) = postSolution
		        SolutionGuid = {61F7FB11-1E47-470C-91E2-47F8143E1572}
		SolutionGuid = {11A5FE45-C2BC-42AF-A15D-565AC857A319}
	EndGlobalSection
EndGlobal
