{
  "name": "blazorproject",
  "version": "1.0.0",
  "lockfileVersion": 2,
  "requires": true,
  "packages": {
    "": {
      "name": "blazorproject",
      "version": "1.0.0",
      "license": "ISC",
      "dependencies": {
        "@github/markdown-toolbar-element": "^2.1.1"
      }
    },
    "node_modules/@github/markdown-toolbar-element": {
      "version": "2.1.1",
      "resolved": "https://registry.npmjs.org/@github/markdown-toolbar-element/-/markdown-toolbar-element-2.1.1.tgz",
      "integrity": "sha512-J++rpd5H9baztabJQB82h26jtueOeBRSTqetk9Cri+Lj/s28ndu6Tovn0uHQaOKtBWDobFunk9b5pP5vcqt7cA=="
    }
  },
  "dependencies": {
    "@github/markdown-toolbar-element": {
      "version": "2.1.1",
      "resolved": "https://registry.npmjs.org/@github/markdown-toolbar-element/-/markdown-toolbar-element-2.1.1.tgz",
      "integrity": "sha512-J++rpd5H9baztabJQB82h26jtueOeBRSTqetk9Cri+Lj/s28ndu6Tovn0uHQaOKtBWDobFunk9b5pP5vcqt7cA=="
    }
  }
}
